
Microsoft Visual Studio Solution File, Format Version 11.00
# Visual Studio 2010
Project("{2150E333-8FDC-42A3-9474-1A3956D46DE8}") = "Solution Items", "Solution Items", "{611821ED-AD4A-42A0-90A5-F7F347CBC73F}"
	ProjectSection(SolutionItems) = preProject
		!version!.vb = !version!.vb
	EndProjectSection
EndProject
Project("{2150E333-8FDC-42A3-9474-1A3956D46DE8}") = "References", "References", "{E5E3F6DB-D55E-47C2-9105-6FA26BAEA9A2}"
	ProjectSection(SolutionItems) = preProject
		..\Tools\Created doc\Namespaces.xml = ..\Tools\Created doc\Namespaces.xml
		References\ReadMe.txt = References\ReadMe.txt
	EndProjectSection
EndProject
Project("{2150E333-8FDC-42A3-9474-1A3956D46DE8}") = "3rd party", "3rd party", "{DA79B2EB-8B1D-401E-B0CE-74CEB594D574}"
EndProject
Project("{F184B08F-C81C-45F6-A57F-5ABD9991F28F}") = "CapsConsole", "CapsConsole\CapsConsole.vbproj", "{1F936FCC-85CA-4A63-AE42-1AD3A8E1B688}"
	ProjectSection(ProjectDependencies) = postProject
		{67CBC824-A49E-4E9B-A947-360F3DFE65C3} = {67CBC824-A49E-4E9B-A947-360F3DFE65C3}
	EndProjectSection
EndProject
Project("{54435603-DBB4-11D2-8724-00A0C9A8B90C}") = "CapsConsole setup", "CapsConsole setup\CapsConsole setup.vdproj", "{225DF386-F844-4807-9ACB-B1CAE36598A7}"
EndProject
Project("{FAE04EC0-301F-11D3-BF4B-00C04F79EFBC}") = "SplitButton", "SplitButton\SplitButton.csproj", "{A75FA431-B3D7-4AC6-8033-CDE76FA98C97}"
EndProject
Project("{C8D11400-126E-41CD-887F-60BD40844F9E}") = "CapsData", "CapsData\CapsData.dbproj", "{67CBC824-A49E-4E9B-A947-360F3DFE65C3}"
EndProject
Project("{F184B08F-C81C-45F6-A57F-5ABD9991F28F}") = "CapsWeb", "CapsWeb\CapsWeb.vbproj", "{CBC75748-4B70-4019-976C-439592FA4913}"
EndProject
Project("{F184B08F-C81C-45F6-A57F-5ABD9991F28F}") = "Caps.Common", "Caps.Common\Caps.Common.vbproj", "{7AD26E25-D660-42BB-8BC3-F46F65C74811}"
EndProject
Project("{F184B08F-C81C-45F6-A57F-5ABD9991F28F}") = "Tools", "..\Tools\Tools\Tools.vbproj", "{FCF346AC-D1C3-42DB-9026-9144240FB766}"
EndProject
Project("{F184B08F-C81C-45F6-A57F-5ABD9991F28F}") = "Tools.Metadata", "..\Tools\Tools.Metadata\Tools.Metadata.vbproj", "{F2E3DDFB-EEDB-4F85-8AE8-CBE6B18A5ED0}"
EndProject
Project("{F184B08F-C81C-45F6-A57F-5ABD9991F28F}") = "Tools.Windows", "..\Tools\Tools.Windows\Tools.Windows.vbproj", "{452A48B6-DBD2-43C0-9D4B-3834E2EA135A}"
EndProject
Project("{F184B08F-C81C-45F6-A57F-5ABD9991F28F}") = "Tools.Win", "..\Tools\Tools Win\Tools.Win.vbproj", "{9E0E6221-AD3B-47C8-B528-C9941BBFD663}"
EndProject
Project("{F184B08F-C81C-45F6-A57F-5ABD9991F28F}") = "Tools.Data.Schema.Deploy", "..\Tools\Tools.Data.Schema.Deploy\Tools.Data.Schema.Deploy.vbproj", "{4FA454BC-332A-4226-A229-38D87C504F8F}"
EndProject
Project("{E24C65DC-7377-472B-9ABA-BC803B73C61A}") = "Doc", "Doc", "{FEA28EBA-357C-42D9-892A-7D609775DCFF}"
	ProjectSection(WebsiteProperties) = preProject
		TargetFrameworkMoniker = ".NETFramework,Version%3Dv4.0"
		Debug.AspNetCompiler.VirtualPath = "/Doc"
		Debug.AspNetCompiler.PhysicalPath = "Doc\"
		Debug.AspNetCompiler.TargetPath = "PrecompiledWeb\Doc\"
		Debug.AspNetCompiler.Updateable = "true"
		Debug.AspNetCompiler.ForceOverwrite = "true"
		Debug.AspNetCompiler.FixedNames = "false"
		Debug.AspNetCompiler.Debug = "True"
		Release.AspNetCompiler.VirtualPath = "/Doc"
		Release.AspNetCompiler.PhysicalPath = "Doc\"
		Release.AspNetCompiler.TargetPath = "PrecompiledWeb\Doc\"
		Release.AspNetCompiler.Updateable = "true"
		Release.AspNetCompiler.ForceOverwrite = "true"
		Release.AspNetCompiler.FixedNames = "false"
		Release.AspNetCompiler.Debug = "False"
		VWDPort = "5304"
		DefaultWebSiteLanguage = "Visual Basic"
	EndProjectSection
EndProject
Global
	GlobalSection(SolutionConfigurationPlatforms) = preSolution
		Alpha|Any CPU = Alpha|Any CPU
		Alpha|Mixed Platforms = Alpha|Mixed Platforms
		Alpha|Win32 = Alpha|Win32
		Alpha|x86 = Alpha|x86
		Beta|Any CPU = Beta|Any CPU
		Beta|Mixed Platforms = Beta|Mixed Platforms
		Beta|Win32 = Beta|Win32
		Beta|x86 = Beta|x86
		Debug|Any CPU = Debug|Any CPU
		Debug|Mixed Platforms = Debug|Mixed Platforms
		Debug|Win32 = Debug|Win32
		Debug|x86 = Debug|x86
		RC|Any CPU = RC|Any CPU
		RC|Mixed Platforms = RC|Mixed Platforms
		RC|Win32 = RC|Win32
		RC|x86 = RC|x86
		Release|Any CPU = Release|Any CPU
		Release|Mixed Platforms = Release|Mixed Platforms
		Release|Win32 = Release|Win32
		Release|x86 = Release|x86
	EndGlobalSection
	GlobalSection(ProjectConfigurationPlatforms) = postSolution
		{1F936FCC-85CA-4A63-AE42-1AD3A8E1B688}.Alpha|Any CPU.ActiveCfg = Release|x86
		{1F936FCC-85CA-4A63-AE42-1AD3A8E1B688}.Alpha|Mixed Platforms.ActiveCfg = Release|x86
		{1F936FCC-85CA-4A63-AE42-1AD3A8E1B688}.Alpha|Mixed Platforms.Build.0 = Release|x86
		{1F936FCC-85CA-4A63-AE42-1AD3A8E1B688}.Alpha|Win32.ActiveCfg = Release|x86
		{1F936FCC-85CA-4A63-AE42-1AD3A8E1B688}.Alpha|x86.ActiveCfg = Release|x86
		{1F936FCC-85CA-4A63-AE42-1AD3A8E1B688}.Alpha|x86.Build.0 = Release|x86
		{1F936FCC-85CA-4A63-AE42-1AD3A8E1B688}.Beta|Any CPU.ActiveCfg = Release|x86
		{1F936FCC-85CA-4A63-AE42-1AD3A8E1B688}.Beta|Mixed Platforms.ActiveCfg = Release|x86
		{1F936FCC-85CA-4A63-AE42-1AD3A8E1B688}.Beta|Mixed Platforms.Build.0 = Release|x86
		{1F936FCC-85CA-4A63-AE42-1AD3A8E1B688}.Beta|Win32.ActiveCfg = Release|x86
		{1F936FCC-85CA-4A63-AE42-1AD3A8E1B688}.Beta|x86.ActiveCfg = Release|x86
		{1F936FCC-85CA-4A63-AE42-1AD3A8E1B688}.Beta|x86.Build.0 = Release|x86
		{1F936FCC-85CA-4A63-AE42-1AD3A8E1B688}.Debug|Any CPU.ActiveCfg = Debug|Any CPU
		{1F936FCC-85CA-4A63-AE42-1AD3A8E1B688}.Debug|Any CPU.Build.0 = Debug|Any CPU
		{1F936FCC-85CA-4A63-AE42-1AD3A8E1B688}.Debug|Mixed Platforms.ActiveCfg = Debug|x86
		{1F936FCC-85CA-4A63-AE42-1AD3A8E1B688}.Debug|Mixed Platforms.Build.0 = Debug|x86
		{1F936FCC-85CA-4A63-AE42-1AD3A8E1B688}.Debug|Win32.ActiveCfg = Debug|x86
		{1F936FCC-85CA-4A63-AE42-1AD3A8E1B688}.Debug|x86.ActiveCfg = Debug|x86
		{1F936FCC-85CA-4A63-AE42-1AD3A8E1B688}.Debug|x86.Build.0 = Debug|x86
		{1F936FCC-85CA-4A63-AE42-1AD3A8E1B688}.RC|Any CPU.ActiveCfg = Release|x86
		{1F936FCC-85CA-4A63-AE42-1AD3A8E1B688}.RC|Mixed Platforms.ActiveCfg = Release|x86
		{1F936FCC-85CA-4A63-AE42-1AD3A8E1B688}.RC|Mixed Platforms.Build.0 = Release|x86
		{1F936FCC-85CA-4A63-AE42-1AD3A8E1B688}.RC|Win32.ActiveCfg = Release|x86
		{1F936FCC-85CA-4A63-AE42-1AD3A8E1B688}.RC|x86.ActiveCfg = Release|x86
		{1F936FCC-85CA-4A63-AE42-1AD3A8E1B688}.RC|x86.Build.0 = Release|x86
		{1F936FCC-85CA-4A63-AE42-1AD3A8E1B688}.Release|Any CPU.ActiveCfg = Release|Any CPU
		{1F936FCC-85CA-4A63-AE42-1AD3A8E1B688}.Release|Any CPU.Build.0 = Release|Any CPU
		{1F936FCC-85CA-4A63-AE42-1AD3A8E1B688}.Release|Mixed Platforms.ActiveCfg = Release|x86
		{1F936FCC-85CA-4A63-AE42-1AD3A8E1B688}.Release|Mixed Platforms.Build.0 = Release|x86
		{1F936FCC-85CA-4A63-AE42-1AD3A8E1B688}.Release|Win32.ActiveCfg = Release|x86
		{1F936FCC-85CA-4A63-AE42-1AD3A8E1B688}.Release|x86.ActiveCfg = Release|x86
		{1F936FCC-85CA-4A63-AE42-1AD3A8E1B688}.Release|x86.Build.0 = Release|x86
		{225DF386-F844-4807-9ACB-B1CAE36598A7}.Alpha|Any CPU.ActiveCfg = Release
		{225DF386-F844-4807-9ACB-B1CAE36598A7}.Alpha|Any CPU.Build.0 = Release
		{225DF386-F844-4807-9ACB-B1CAE36598A7}.Alpha|Mixed Platforms.ActiveCfg = Release
		{225DF386-F844-4807-9ACB-B1CAE36598A7}.Alpha|Mixed Platforms.Build.0 = Release
		{225DF386-F844-4807-9ACB-B1CAE36598A7}.Alpha|Win32.ActiveCfg = Release
		{225DF386-F844-4807-9ACB-B1CAE36598A7}.Alpha|Win32.Build.0 = Release
		{225DF386-F844-4807-9ACB-B1CAE36598A7}.Alpha|x86.ActiveCfg = Release
		{225DF386-F844-4807-9ACB-B1CAE36598A7}.Alpha|x86.Build.0 = Release
		{225DF386-F844-4807-9ACB-B1CAE36598A7}.Beta|Any CPU.ActiveCfg = Release
		{225DF386-F844-4807-9ACB-B1CAE36598A7}.Beta|Any CPU.Build.0 = Release
		{225DF386-F844-4807-9ACB-B1CAE36598A7}.Beta|Mixed Platforms.ActiveCfg = Release
		{225DF386-F844-4807-9ACB-B1CAE36598A7}.Beta|Mixed Platforms.Build.0 = Release
		{225DF386-F844-4807-9ACB-B1CAE36598A7}.Beta|Win32.ActiveCfg = Release
		{225DF386-F844-4807-9ACB-B1CAE36598A7}.Beta|Win32.Build.0 = Release
		{225DF386-F844-4807-9ACB-B1CAE36598A7}.Beta|x86.ActiveCfg = Release
		{225DF386-F844-4807-9ACB-B1CAE36598A7}.Beta|x86.Build.0 = Release
		{225DF386-F844-4807-9ACB-B1CAE36598A7}.Debug|Any CPU.ActiveCfg = Debug
		{225DF386-F844-4807-9ACB-B1CAE36598A7}.Debug|Mixed Platforms.ActiveCfg = Debug
		{225DF386-F844-4807-9ACB-B1CAE36598A7}.Debug|Mixed Platforms.Build.0 = Debug
		{225DF386-F844-4807-9ACB-B1CAE36598A7}.Debug|Win32.ActiveCfg = Debug
		{225DF386-F844-4807-9ACB-B1CAE36598A7}.Debug|Win32.Build.0 = Debug
		{225DF386-F844-4807-9ACB-B1CAE36598A7}.Debug|x86.ActiveCfg = Debug
		{225DF386-F844-4807-9ACB-B1CAE36598A7}.RC|Any CPU.ActiveCfg = Release
		{225DF386-F844-4807-9ACB-B1CAE36598A7}.RC|Any CPU.Build.0 = Release
		{225DF386-F844-4807-9ACB-B1CAE36598A7}.RC|Mixed Platforms.ActiveCfg = Release
		{225DF386-F844-4807-9ACB-B1CAE36598A7}.RC|Mixed Platforms.Build.0 = Release
		{225DF386-F844-4807-9ACB-B1CAE36598A7}.RC|Win32.ActiveCfg = Release
		{225DF386-F844-4807-9ACB-B1CAE36598A7}.RC|Win32.Build.0 = Release
		{225DF386-F844-4807-9ACB-B1CAE36598A7}.RC|x86.ActiveCfg = Release
		{225DF386-F844-4807-9ACB-B1CAE36598A7}.RC|x86.Build.0 = Release
		{225DF386-F844-4807-9ACB-B1CAE36598A7}.Release|Any CPU.ActiveCfg = Release
		{225DF386-F844-4807-9ACB-B1CAE36598A7}.Release|Mixed Platforms.ActiveCfg = Release
		{225DF386-F844-4807-9ACB-B1CAE36598A7}.Release|Mixed Platforms.Build.0 = Release
		{225DF386-F844-4807-9ACB-B1CAE36598A7}.Release|Win32.ActiveCfg = Release
		{225DF386-F844-4807-9ACB-B1CAE36598A7}.Release|Win32.Build.0 = Release
		{225DF386-F844-4807-9ACB-B1CAE36598A7}.Release|x86.ActiveCfg = Release
		{A75FA431-B3D7-4AC6-8033-CDE76FA98C97}.Alpha|Any CPU.ActiveCfg = Release|Any CPU
		{A75FA431-B3D7-4AC6-8033-CDE76FA98C97}.Alpha|Any CPU.Build.0 = Release|Any CPU
		{A75FA431-B3D7-4AC6-8033-CDE76FA98C97}.Alpha|Mixed Platforms.ActiveCfg = Release|Any CPU
		{A75FA431-B3D7-4AC6-8033-CDE76FA98C97}.Alpha|Mixed Platforms.Build.0 = Release|Any CPU
		{A75FA431-B3D7-4AC6-8033-CDE76FA98C97}.Alpha|Win32.ActiveCfg = Release|Any CPU
		{A75FA431-B3D7-4AC6-8033-CDE76FA98C97}.Alpha|x86.ActiveCfg = Release|Any CPU
		{A75FA431-B3D7-4AC6-8033-CDE76FA98C97}.Beta|Any CPU.ActiveCfg = Release|Any CPU
		{A75FA431-B3D7-4AC6-8033-CDE76FA98C97}.Beta|Any CPU.Build.0 = Release|Any CPU
		{A75FA431-B3D7-4AC6-8033-CDE76FA98C97}.Beta|Mixed Platforms.ActiveCfg = Release|Any CPU
		{A75FA431-B3D7-4AC6-8033-CDE76FA98C97}.Beta|Mixed Platforms.Build.0 = Release|Any CPU
		{A75FA431-B3D7-4AC6-8033-CDE76FA98C97}.Beta|Win32.ActiveCfg = Release|Any CPU
		{A75FA431-B3D7-4AC6-8033-CDE76FA98C97}.Beta|x86.ActiveCfg = Release|Any CPU
		{A75FA431-B3D7-4AC6-8033-CDE76FA98C97}.Debug|Any CPU.ActiveCfg = Debug|Any CPU
		{A75FA431-B3D7-4AC6-8033-CDE76FA98C97}.Debug|Any CPU.Build.0 = Debug|Any CPU
		{A75FA431-B3D7-4AC6-8033-CDE76FA98C97}.Debug|Mixed Platforms.ActiveCfg = Debug|Any CPU
		{A75FA431-B3D7-4AC6-8033-CDE76FA98C97}.Debug|Mixed Platforms.Build.0 = Debug|Any CPU
		{A75FA431-B3D7-4AC6-8033-CDE76FA98C97}.Debug|Win32.ActiveCfg = Debug|Any CPU
		{A75FA431-B3D7-4AC6-8033-CDE76FA98C97}.Debug|x86.ActiveCfg = Debug|Any CPU
		{A75FA431-B3D7-4AC6-8033-CDE76FA98C97}.Debug|x86.Build.0 = Debug|Any CPU
		{A75FA431-B3D7-4AC6-8033-CDE76FA98C97}.RC|Any CPU.ActiveCfg = Release|Any CPU
		{A75FA431-B3D7-4AC6-8033-CDE76FA98C97}.RC|Any CPU.Build.0 = Release|Any CPU
		{A75FA431-B3D7-4AC6-8033-CDE76FA98C97}.RC|Mixed Platforms.ActiveCfg = Release|Any CPU
		{A75FA431-B3D7-4AC6-8033-CDE76FA98C97}.RC|Mixed Platforms.Build.0 = Release|Any CPU
		{A75FA431-B3D7-4AC6-8033-CDE76FA98C97}.RC|Win32.ActiveCfg = Release|Any CPU
		{A75FA431-B3D7-4AC6-8033-CDE76FA98C97}.RC|x86.ActiveCfg = Release|Any CPU
		{A75FA431-B3D7-4AC6-8033-CDE76FA98C97}.Release|Any CPU.ActiveCfg = Release|Any CPU
		{A75FA431-B3D7-4AC6-8033-CDE76FA98C97}.Release|Any CPU.Build.0 = Release|Any CPU
		{A75FA431-B3D7-4AC6-8033-CDE76FA98C97}.Release|Mixed Platforms.ActiveCfg = Release|Any CPU
		{A75FA431-B3D7-4AC6-8033-CDE76FA98C97}.Release|Mixed Platforms.Build.0 = Release|Any CPU
		{A75FA431-B3D7-4AC6-8033-CDE76FA98C97}.Release|Win32.ActiveCfg = Release|Any CPU
		{A75FA431-B3D7-4AC6-8033-CDE76FA98C97}.Release|x86.ActiveCfg = Release|Any CPU
		{A75FA431-B3D7-4AC6-8033-CDE76FA98C97}.Release|x86.Build.0 = Release|Any CPU
		{67CBC824-A49E-4E9B-A947-360F3DFE65C3}.Alpha|Any CPU.ActiveCfg = Debug|Any CPU
		{67CBC824-A49E-4E9B-A947-360F3DFE65C3}.Alpha|Any CPU.Build.0 = Debug|Any CPU
		{67CBC824-A49E-4E9B-A947-360F3DFE65C3}.Alpha|Any CPU.Deploy.0 = Debug|Any CPU
		{67CBC824-A49E-4E9B-A947-360F3DFE65C3}.Alpha|Mixed Platforms.ActiveCfg = Debug|Any CPU
		{67CBC824-A49E-4E9B-A947-360F3DFE65C3}.Alpha|Mixed Platforms.Build.0 = Debug|Any CPU
		{67CBC824-A49E-4E9B-A947-360F3DFE65C3}.Alpha|Mixed Platforms.Deploy.0 = Debug|Any CPU
		{67CBC824-A49E-4E9B-A947-360F3DFE65C3}.Alpha|Win32.ActiveCfg = Debug|Any CPU
		{67CBC824-A49E-4E9B-A947-360F3DFE65C3}.Alpha|x86.ActiveCfg = Debug|Any CPU
		{67CBC824-A49E-4E9B-A947-360F3DFE65C3}.Beta|Any CPU.ActiveCfg = Debug|Any CPU
		{67CBC824-A49E-4E9B-A947-360F3DFE65C3}.Beta|Any CPU.Build.0 = Debug|Any CPU
		{67CBC824-A49E-4E9B-A947-360F3DFE65C3}.Beta|Any CPU.Deploy.0 = Debug|Any CPU
		{67CBC824-A49E-4E9B-A947-360F3DFE65C3}.Beta|Mixed Platforms.ActiveCfg = Debug|Any CPU
		{67CBC824-A49E-4E9B-A947-360F3DFE65C3}.Beta|Mixed Platforms.Build.0 = Debug|Any CPU
		{67CBC824-A49E-4E9B-A947-360F3DFE65C3}.Beta|Mixed Platforms.Deploy.0 = Debug|Any CPU
		{67CBC824-A49E-4E9B-A947-360F3DFE65C3}.Beta|Win32.ActiveCfg = Debug|Any CPU
		{67CBC824-A49E-4E9B-A947-360F3DFE65C3}.Beta|x86.ActiveCfg = Debug|Any CPU
		{67CBC824-A49E-4E9B-A947-360F3DFE65C3}.Debug|Any CPU.ActiveCfg = Debug|Any CPU
		{67CBC824-A49E-4E9B-A947-360F3DFE65C3}.Debug|Any CPU.Build.0 = Debug|Any CPU
		{67CBC824-A49E-4E9B-A947-360F3DFE65C3}.Debug|Mixed Platforms.ActiveCfg = Debug|Any CPU
		{67CBC824-A49E-4E9B-A947-360F3DFE65C3}.Debug|Mixed Platforms.Build.0 = Debug|Any CPU
		{67CBC824-A49E-4E9B-A947-360F3DFE65C3}.Debug|Mixed Platforms.Deploy.0 = Debug|Any CPU
		{67CBC824-A49E-4E9B-A947-360F3DFE65C3}.Debug|Win32.ActiveCfg = Debug|Any CPU
		{67CBC824-A49E-4E9B-A947-360F3DFE65C3}.Debug|x86.ActiveCfg = Debug|Any CPU
		{67CBC824-A49E-4E9B-A947-360F3DFE65C3}.Debug|x86.Build.0 = Debug|Any CPU
		{67CBC824-A49E-4E9B-A947-360F3DFE65C3}.RC|Any CPU.ActiveCfg = Debug|Any CPU
		{67CBC824-A49E-4E9B-A947-360F3DFE65C3}.RC|Any CPU.Build.0 = Debug|Any CPU
		{67CBC824-A49E-4E9B-A947-360F3DFE65C3}.RC|Any CPU.Deploy.0 = Debug|Any CPU
		{67CBC824-A49E-4E9B-A947-360F3DFE65C3}.RC|Mixed Platforms.ActiveCfg = Debug|Any CPU
		{67CBC824-A49E-4E9B-A947-360F3DFE65C3}.RC|Mixed Platforms.Build.0 = Debug|Any CPU
		{67CBC824-A49E-4E9B-A947-360F3DFE65C3}.RC|Mixed Platforms.Deploy.0 = Debug|Any CPU
		{67CBC824-A49E-4E9B-A947-360F3DFE65C3}.RC|Win32.ActiveCfg = Debug|Any CPU
		{67CBC824-A49E-4E9B-A947-360F3DFE65C3}.RC|x86.ActiveCfg = Debug|Any CPU
		{67CBC824-A49E-4E9B-A947-360F3DFE65C3}.Release|Any CPU.ActiveCfg = Debug|Any CPU
		{67CBC824-A49E-4E9B-A947-360F3DFE65C3}.Release|Any CPU.Build.0 = Debug|Any CPU
		{67CBC824-A49E-4E9B-A947-360F3DFE65C3}.Release|Any CPU.Deploy.0 = Debug|Any CPU
		{67CBC824-A49E-4E9B-A947-360F3DFE65C3}.Release|Mixed Platforms.ActiveCfg = Debug|Any CPU
		{67CBC824-A49E-4E9B-A947-360F3DFE65C3}.Release|Mixed Platforms.Build.0 = Debug|Any CPU
		{67CBC824-A49E-4E9B-A947-360F3DFE65C3}.Release|Mixed Platforms.Deploy.0 = Debug|Any CPU
		{67CBC824-A49E-4E9B-A947-360F3DFE65C3}.Release|Win32.ActiveCfg = Debug|Any CPU
		{67CBC824-A49E-4E9B-A947-360F3DFE65C3}.Release|x86.ActiveCfg = Debug|Any CPU
		{67CBC824-A49E-4E9B-A947-360F3DFE65C3}.Release|x86.Build.0 = Debug|Any CPU
		{CBC75748-4B70-4019-976C-439592FA4913}.Alpha|Any CPU.ActiveCfg = Release|x86
		{CBC75748-4B70-4019-976C-439592FA4913}.Alpha|Mixed Platforms.ActiveCfg = Release|x86
		{CBC75748-4B70-4019-976C-439592FA4913}.Alpha|Mixed Platforms.Build.0 = Release|x86
		{CBC75748-4B70-4019-976C-439592FA4913}.Alpha|Win32.ActiveCfg = Release|x86
		{CBC75748-4B70-4019-976C-439592FA4913}.Alpha|x86.ActiveCfg = Release|x86
		{CBC75748-4B70-4019-976C-439592FA4913}.Alpha|x86.Build.0 = Release|x86
		{CBC75748-4B70-4019-976C-439592FA4913}.Beta|Any CPU.ActiveCfg = Release|x86
		{CBC75748-4B70-4019-976C-439592FA4913}.Beta|Mixed Platforms.ActiveCfg = Release|x86
		{CBC75748-4B70-4019-976C-439592FA4913}.Beta|Mixed Platforms.Build.0 = Release|x86
		{CBC75748-4B70-4019-976C-439592FA4913}.Beta|Win32.ActiveCfg = Release|x86
		{CBC75748-4B70-4019-976C-439592FA4913}.Beta|x86.ActiveCfg = Release|x86
		{CBC75748-4B70-4019-976C-439592FA4913}.Beta|x86.Build.0 = Release|x86
		{CBC75748-4B70-4019-976C-439592FA4913}.Debug|Any CPU.ActiveCfg = Debug|Any CPU
		{CBC75748-4B70-4019-976C-439592FA4913}.Debug|Mixed Platforms.ActiveCfg = Debug|x86
		{CBC75748-4B70-4019-976C-439592FA4913}.Debug|Mixed Platforms.Build.0 = Debug|x86
		{CBC75748-4B70-4019-976C-439592FA4913}.Debug|Win32.ActiveCfg = Debug|x86
		{CBC75748-4B70-4019-976C-439592FA4913}.Debug|x86.ActiveCfg = Debug|x86
		{CBC75748-4B70-4019-976C-439592FA4913}.RC|Any CPU.ActiveCfg = Release|x86
		{CBC75748-4B70-4019-976C-439592FA4913}.RC|Mixed Platforms.ActiveCfg = Release|x86
		{CBC75748-4B70-4019-976C-439592FA4913}.RC|Mixed Platforms.Build.0 = Release|x86
		{CBC75748-4B70-4019-976C-439592FA4913}.RC|Win32.ActiveCfg = Release|x86
		{CBC75748-4B70-4019-976C-439592FA4913}.RC|x86.ActiveCfg = Release|x86
		{CBC75748-4B70-4019-976C-439592FA4913}.RC|x86.Build.0 = Release|x86
		{CBC75748-4B70-4019-976C-439592FA4913}.Release|Any CPU.ActiveCfg = Release|Any CPU
		{CBC75748-4B70-4019-976C-439592FA4913}.Release|Any CPU.Build.0 = Release|Any CPU
		{CBC75748-4B70-4019-976C-439592FA4913}.Release|Mixed Platforms.ActiveCfg = Release|x86
		{CBC75748-4B70-4019-976C-439592FA4913}.Release|Mixed Platforms.Build.0 = Release|x86
		{CBC75748-4B70-4019-976C-439592FA4913}.Release|Win32.ActiveCfg = Release|x86
		{CBC75748-4B70-4019-976C-439592FA4913}.Release|x86.ActiveCfg = Release|Any CPU
		{CBC75748-4B70-4019-976C-439592FA4913}.Release|x86.Build.0 = Release|Any CPU
		{7AD26E25-D660-42BB-8BC3-F46F65C74811}.Alpha|Any CPU.ActiveCfg = Release|Any CPU
		{7AD26E25-D660-42BB-8BC3-F46F65C74811}.Alpha|Any CPU.Build.0 = Release|Any CPU
		{7AD26E25-D660-42BB-8BC3-F46F65C74811}.Alpha|Mixed Platforms.ActiveCfg = Release|Any CPU
		{7AD26E25-D660-42BB-8BC3-F46F65C74811}.Alpha|Mixed Platforms.Build.0 = Release|Any CPU
		{7AD26E25-D660-42BB-8BC3-F46F65C74811}.Alpha|Win32.ActiveCfg = Release|Any CPU
		{7AD26E25-D660-42BB-8BC3-F46F65C74811}.Alpha|x86.ActiveCfg = Release|Any CPU
		{7AD26E25-D660-42BB-8BC3-F46F65C74811}.Beta|Any CPU.ActiveCfg = Release|Any CPU
		{7AD26E25-D660-42BB-8BC3-F46F65C74811}.Beta|Any CPU.Build.0 = Release|Any CPU
		{7AD26E25-D660-42BB-8BC3-F46F65C74811}.Beta|Mixed Platforms.ActiveCfg = Release|Any CPU
		{7AD26E25-D660-42BB-8BC3-F46F65C74811}.Beta|Mixed Platforms.Build.0 = Release|Any CPU
		{7AD26E25-D660-42BB-8BC3-F46F65C74811}.Beta|Win32.ActiveCfg = Release|Any CPU
		{7AD26E25-D660-42BB-8BC3-F46F65C74811}.Beta|x86.ActiveCfg = Release|Any CPU
		{7AD26E25-D660-42BB-8BC3-F46F65C74811}.Debug|Any CPU.ActiveCfg = Debug|Any CPU
		{7AD26E25-D660-42BB-8BC3-F46F65C74811}.Debug|Any CPU.Build.0 = Debug|Any CPU
		{7AD26E25-D660-42BB-8BC3-F46F65C74811}.Debug|Mixed Platforms.ActiveCfg = Debug|Any CPU
		{7AD26E25-D660-42BB-8BC3-F46F65C74811}.Debug|Mixed Platforms.Build.0 = Debug|Any CPU
		{7AD26E25-D660-42BB-8BC3-F46F65C74811}.Debug|Win32.ActiveCfg = Debug|Any CPU
		{7AD26E25-D660-42BB-8BC3-F46F65C74811}.Debug|x86.ActiveCfg = Debug|Any CPU
		{7AD26E25-D660-42BB-8BC3-F46F65C74811}.Debug|x86.Build.0 = Debug|Any CPU
		{7AD26E25-D660-42BB-8BC3-F46F65C74811}.RC|Any CPU.ActiveCfg = Release|Any CPU
		{7AD26E25-D660-42BB-8BC3-F46F65C74811}.RC|Any CPU.Build.0 = Release|Any CPU
		{7AD26E25-D660-42BB-8BC3-F46F65C74811}.RC|Mixed Platforms.ActiveCfg = Release|Any CPU
		{7AD26E25-D660-42BB-8BC3-F46F65C74811}.RC|Mixed Platforms.Build.0 = Release|Any CPU
		{7AD26E25-D660-42BB-8BC3-F46F65C74811}.RC|Win32.ActiveCfg = Release|Any CPU
		{7AD26E25-D660-42BB-8BC3-F46F65C74811}.RC|x86.ActiveCfg = Release|Any CPU
		{7AD26E25-D660-42BB-8BC3-F46F65C74811}.Release|Any CPU.ActiveCfg = Release|Any CPU
		{7AD26E25-D660-42BB-8BC3-F46F65C74811}.Release|Any CPU.Build.0 = Release|Any CPU
		{7AD26E25-D660-42BB-8BC3-F46F65C74811}.Release|Mixed Platforms.ActiveCfg = Release|Any CPU
		{7AD26E25-D660-42BB-8BC3-F46F65C74811}.Release|Mixed Platforms.Build.0 = Release|Any CPU
		{7AD26E25-D660-42BB-8BC3-F46F65C74811}.Release|Win32.ActiveCfg = Release|Any CPU
		{7AD26E25-D660-42BB-8BC3-F46F65C74811}.Release|x86.ActiveCfg = Release|Any CPU
		{7AD26E25-D660-42BB-8BC3-F46F65C74811}.Release|x86.Build.0 = Release|Any CPU
		{FCF346AC-D1C3-42DB-9026-9144240FB766}.Alpha|Any CPU.ActiveCfg = Alpha|Any CPU
		{FCF346AC-D1C3-42DB-9026-9144240FB766}.Alpha|Any CPU.Build.0 = Alpha|Any CPU
		{FCF346AC-D1C3-42DB-9026-9144240FB766}.Alpha|Mixed Platforms.ActiveCfg = Alpha|Any CPU
		{FCF346AC-D1C3-42DB-9026-9144240FB766}.Alpha|Mixed Platforms.Build.0 = Alpha|Any CPU
		{FCF346AC-D1C3-42DB-9026-9144240FB766}.Alpha|Win32.ActiveCfg = Alpha|Any CPU
		{FCF346AC-D1C3-42DB-9026-9144240FB766}.Alpha|x86.ActiveCfg = Alpha|Any CPU
		{FCF346AC-D1C3-42DB-9026-9144240FB766}.Beta|Any CPU.ActiveCfg = Beta|Any CPU
		{FCF346AC-D1C3-42DB-9026-9144240FB766}.Beta|Any CPU.Build.0 = Beta|Any CPU
		{FCF346AC-D1C3-42DB-9026-9144240FB766}.Beta|Mixed Platforms.ActiveCfg = Beta|Any CPU
		{FCF346AC-D1C3-42DB-9026-9144240FB766}.Beta|Mixed Platforms.Build.0 = Beta|Any CPU
		{FCF346AC-D1C3-42DB-9026-9144240FB766}.Beta|Win32.ActiveCfg = Beta|Any CPU
		{FCF346AC-D1C3-42DB-9026-9144240FB766}.Beta|x86.ActiveCfg = Beta|Any CPU
		{FCF346AC-D1C3-42DB-9026-9144240FB766}.Debug|Any CPU.ActiveCfg = Debug|Any CPU
		{FCF346AC-D1C3-42DB-9026-9144240FB766}.Debug|Any CPU.Build.0 = Debug|Any CPU
		{FCF346AC-D1C3-42DB-9026-9144240FB766}.Debug|Mixed Platforms.ActiveCfg = Debug|Any CPU
		{FCF346AC-D1C3-42DB-9026-9144240FB766}.Debug|Mixed Platforms.Build.0 = Debug|Any CPU
		{FCF346AC-D1C3-42DB-9026-9144240FB766}.Debug|Win32.ActiveCfg = Debug|Any CPU
		{FCF346AC-D1C3-42DB-9026-9144240FB766}.Debug|x86.ActiveCfg = Debug|Any CPU
		{FCF346AC-D1C3-42DB-9026-9144240FB766}.Debug|x86.Build.0 = Debug|Any CPU
		{FCF346AC-D1C3-42DB-9026-9144240FB766}.RC|Any CPU.ActiveCfg = RC|Any CPU
		{FCF346AC-D1C3-42DB-9026-9144240FB766}.RC|Any CPU.Build.0 = RC|Any CPU
		{FCF346AC-D1C3-42DB-9026-9144240FB766}.RC|Mixed Platforms.ActiveCfg = RC|Any CPU
		{FCF346AC-D1C3-42DB-9026-9144240FB766}.RC|Mixed Platforms.Build.0 = RC|Any CPU
		{FCF346AC-D1C3-42DB-9026-9144240FB766}.RC|Win32.ActiveCfg = RC|Any CPU
		{FCF346AC-D1C3-42DB-9026-9144240FB766}.RC|x86.ActiveCfg = RC|Any CPU
		{FCF346AC-D1C3-42DB-9026-9144240FB766}.Release|Any CPU.ActiveCfg = Release|Any CPU
		{FCF346AC-D1C3-42DB-9026-9144240FB766}.Release|Any CPU.Build.0 = Release|Any CPU
		{FCF346AC-D1C3-42DB-9026-9144240FB766}.Release|Mixed Platforms.ActiveCfg = Release|Any CPU
		{FCF346AC-D1C3-42DB-9026-9144240FB766}.Release|Mixed Platforms.Build.0 = Release|Any CPU
		{FCF346AC-D1C3-42DB-9026-9144240FB766}.Release|Win32.ActiveCfg = Release|Any CPU
		{FCF346AC-D1C3-42DB-9026-9144240FB766}.Release|x86.ActiveCfg = Release|Any CPU
		{FCF346AC-D1C3-42DB-9026-9144240FB766}.Release|x86.Build.0 = Release|Any CPU
		{F2E3DDFB-EEDB-4F85-8AE8-CBE6B18A5ED0}.Alpha|Any CPU.ActiveCfg = Alpha|Any CPU
		{F2E3DDFB-EEDB-4F85-8AE8-CBE6B18A5ED0}.Alpha|Any CPU.Build.0 = Alpha|Any CPU
		{F2E3DDFB-EEDB-4F85-8AE8-CBE6B18A5ED0}.Alpha|Mixed Platforms.ActiveCfg = Alpha|Any CPU
		{F2E3DDFB-EEDB-4F85-8AE8-CBE6B18A5ED0}.Alpha|Mixed Platforms.Build.0 = Alpha|Any CPU
		{F2E3DDFB-EEDB-4F85-8AE8-CBE6B18A5ED0}.Alpha|Win32.ActiveCfg = Alpha|Any CPU
		{F2E3DDFB-EEDB-4F85-8AE8-CBE6B18A5ED0}.Alpha|x86.ActiveCfg = Alpha|Any CPU
		{F2E3DDFB-EEDB-4F85-8AE8-CBE6B18A5ED0}.Beta|Any CPU.ActiveCfg = Beta|Any CPU
		{F2E3DDFB-EEDB-4F85-8AE8-CBE6B18A5ED0}.Beta|Any CPU.Build.0 = Beta|Any CPU
		{F2E3DDFB-EEDB-4F85-8AE8-CBE6B18A5ED0}.Beta|Mixed Platforms.ActiveCfg = Beta|Any CPU
		{F2E3DDFB-EEDB-4F85-8AE8-CBE6B18A5ED0}.Beta|Mixed Platforms.Build.0 = Beta|Any CPU
		{F2E3DDFB-EEDB-4F85-8AE8-CBE6B18A5ED0}.Beta|Win32.ActiveCfg = Beta|Any CPU
		{F2E3DDFB-EEDB-4F85-8AE8-CBE6B18A5ED0}.Beta|x86.ActiveCfg = Beta|Any CPU
		{F2E3DDFB-EEDB-4F85-8AE8-CBE6B18A5ED0}.Debug|Any CPU.ActiveCfg = Debug|Any CPU
		{F2E3DDFB-EEDB-4F85-8AE8-CBE6B18A5ED0}.Debug|Any CPU.Build.0 = Debug|Any CPU
		{F2E3DDFB-EEDB-4F85-8AE8-CBE6B18A5ED0}.Debug|Mixed Platforms.ActiveCfg = Debug|Any CPU
		{F2E3DDFB-EEDB-4F85-8AE8-CBE6B18A5ED0}.Debug|Mixed Platforms.Build.0 = Debug|Any CPU
		{F2E3DDFB-EEDB-4F85-8AE8-CBE6B18A5ED0}.Debug|Win32.ActiveCfg = Debug|Any CPU
		{F2E3DDFB-EEDB-4F85-8AE8-CBE6B18A5ED0}.Debug|x86.ActiveCfg = Debug|Any CPU
		{F2E3DDFB-EEDB-4F85-8AE8-CBE6B18A5ED0}.Debug|x86.Build.0 = Debug|Any CPU
		{F2E3DDFB-EEDB-4F85-8AE8-CBE6B18A5ED0}.RC|Any CPU.ActiveCfg = RC|Any CPU
		{F2E3DDFB-EEDB-4F85-8AE8-CBE6B18A5ED0}.RC|Any CPU.Build.0 = RC|Any CPU
		{F2E3DDFB-EEDB-4F85-8AE8-CBE6B18A5ED0}.RC|Mixed Platforms.ActiveCfg = RC|Any CPU
		{F2E3DDFB-EEDB-4F85-8AE8-CBE6B18A5ED0}.RC|Mixed Platforms.Build.0 = RC|Any CPU
		{F2E3DDFB-EEDB-4F85-8AE8-CBE6B18A5ED0}.RC|Win32.ActiveCfg = RC|Any CPU
		{F2E3DDFB-EEDB-4F85-8AE8-CBE6B18A5ED0}.RC|x86.ActiveCfg = RC|Any CPU
		{F2E3DDFB-EEDB-4F85-8AE8-CBE6B18A5ED0}.Release|Any CPU.ActiveCfg = Release|Any CPU
		{F2E3DDFB-EEDB-4F85-8AE8-CBE6B18A5ED0}.Release|Any CPU.Build.0 = Release|Any CPU
		{F2E3DDFB-EEDB-4F85-8AE8-CBE6B18A5ED0}.Release|Mixed Platforms.ActiveCfg = Release|Any CPU
		{F2E3DDFB-EEDB-4F85-8AE8-CBE6B18A5ED0}.Release|Mixed Platforms.Build.0 = Release|Any CPU
		{F2E3DDFB-EEDB-4F85-8AE8-CBE6B18A5ED0}.Release|Win32.ActiveCfg = Release|Any CPU
		{F2E3DDFB-EEDB-4F85-8AE8-CBE6B18A5ED0}.Release|x86.ActiveCfg = Release|Any CPU
		{F2E3DDFB-EEDB-4F85-8AE8-CBE6B18A5ED0}.Release|x86.Build.0 = Release|Any CPU
		{452A48B6-DBD2-43C0-9D4B-3834E2EA135A}.Alpha|Any CPU.ActiveCfg = Alpha|Any CPU
		{452A48B6-DBD2-43C0-9D4B-3834E2EA135A}.Alpha|Any CPU.Build.0 = Alpha|Any CPU
		{452A48B6-DBD2-43C0-9D4B-3834E2EA135A}.Alpha|Mixed Platforms.ActiveCfg = Alpha|Any CPU
		{452A48B6-DBD2-43C0-9D4B-3834E2EA135A}.Alpha|Mixed Platforms.Build.0 = Alpha|Any CPU
		{452A48B6-DBD2-43C0-9D4B-3834E2EA135A}.Alpha|Win32.ActiveCfg = Alpha|Any CPU
		{452A48B6-DBD2-43C0-9D4B-3834E2EA135A}.Alpha|x86.ActiveCfg = Alpha|Any CPU
		{452A48B6-DBD2-43C0-9D4B-3834E2EA135A}.Beta|Any CPU.ActiveCfg = Beta|Any CPU
		{452A48B6-DBD2-43C0-9D4B-3834E2EA135A}.Beta|Any CPU.Build.0 = Beta|Any CPU
		{452A48B6-DBD2-43C0-9D4B-3834E2EA135A}.Beta|Mixed Platforms.ActiveCfg = Beta|Any CPU
		{452A48B6-DBD2-43C0-9D4B-3834E2EA135A}.Beta|Mixed Platforms.Build.0 = Beta|Any CPU
		{452A48B6-DBD2-43C0-9D4B-3834E2EA135A}.Beta|Win32.ActiveCfg = Beta|Any CPU
		{452A48B6-DBD2-43C0-9D4B-3834E2EA135A}.Beta|x86.ActiveCfg = Beta|Any CPU
		{452A48B6-DBD2-43C0-9D4B-3834E2EA135A}.Debug|Any CPU.ActiveCfg = Debug|Any CPU
		{452A48B6-DBD2-43C0-9D4B-3834E2EA135A}.Debug|Any CPU.Build.0 = Debug|Any CPU
		{452A48B6-DBD2-43C0-9D4B-3834E2EA135A}.Debug|Mixed Platforms.ActiveCfg = Debug|Any CPU
		{452A48B6-DBD2-43C0-9D4B-3834E2EA135A}.Debug|Mixed Platforms.Build.0 = Debug|Any CPU
		{452A48B6-DBD2-43C0-9D4B-3834E2EA135A}.Debug|Win32.ActiveCfg = Debug|Any CPU
		{452A48B6-DBD2-43C0-9D4B-3834E2EA135A}.Debug|x86.ActiveCfg = Debug|Any CPU
		{452A48B6-DBD2-43C0-9D4B-3834E2EA135A}.Debug|x86.Build.0 = Debug|Any CPU
		{452A48B6-DBD2-43C0-9D4B-3834E2EA135A}.RC|Any CPU.ActiveCfg = RC|Any CPU
		{452A48B6-DBD2-43C0-9D4B-3834E2EA135A}.RC|Any CPU.Build.0 = RC|Any CPU
		{452A48B6-DBD2-43C0-9D4B-3834E2EA135A}.RC|Mixed Platforms.ActiveCfg = RC|Any CPU
		{452A48B6-DBD2-43C0-9D4B-3834E2EA135A}.RC|Mixed Platforms.Build.0 = RC|Any CPU
		{452A48B6-DBD2-43C0-9D4B-3834E2EA135A}.RC|Win32.ActiveCfg = RC|Any CPU
		{452A48B6-DBD2-43C0-9D4B-3834E2EA135A}.RC|x86.ActiveCfg = RC|Any CPU
		{452A48B6-DBD2-43C0-9D4B-3834E2EA135A}.Release|Any CPU.ActiveCfg = Release|Any CPU
		{452A48B6-DBD2-43C0-9D4B-3834E2EA135A}.Release|Any CPU.Build.0 = Release|Any CPU
		{452A48B6-DBD2-43C0-9D4B-3834E2EA135A}.Release|Mixed Platforms.ActiveCfg = Release|Any CPU
		{452A48B6-DBD2-43C0-9D4B-3834E2EA135A}.Release|Mixed Platforms.Build.0 = Release|Any CPU
		{452A48B6-DBD2-43C0-9D4B-3834E2EA135A}.Release|Win32.ActiveCfg = Release|Any CPU
		{452A48B6-DBD2-43C0-9D4B-3834E2EA135A}.Release|x86.ActiveCfg = Release|Any CPU
		{452A48B6-DBD2-43C0-9D4B-3834E2EA135A}.Release|x86.Build.0 = Release|Any CPU
		{9E0E6221-AD3B-47C8-B528-C9941BBFD663}.Alpha|Any CPU.ActiveCfg = Alpha|Any CPU
		{9E0E6221-AD3B-47C8-B528-C9941BBFD663}.Alpha|Any CPU.Build.0 = Alpha|Any CPU
		{9E0E6221-AD3B-47C8-B528-C9941BBFD663}.Alpha|Mixed Platforms.ActiveCfg = Alpha|Any CPU
		{9E0E6221-AD3B-47C8-B528-C9941BBFD663}.Alpha|Mixed Platforms.Build.0 = Alpha|Any CPU
		{9E0E6221-AD3B-47C8-B528-C9941BBFD663}.Alpha|Win32.ActiveCfg = Alpha|Any CPU
		{9E0E6221-AD3B-47C8-B528-C9941BBFD663}.Alpha|x86.ActiveCfg = Alpha|Any CPU
		{9E0E6221-AD3B-47C8-B528-C9941BBFD663}.Beta|Any CPU.ActiveCfg = Beta|Any CPU
		{9E0E6221-AD3B-47C8-B528-C9941BBFD663}.Beta|Any CPU.Build.0 = Beta|Any CPU
		{9E0E6221-AD3B-47C8-B528-C9941BBFD663}.Beta|Mixed Platforms.ActiveCfg = Beta|Any CPU
		{9E0E6221-AD3B-47C8-B528-C9941BBFD663}.Beta|Mixed Platforms.Build.0 = Beta|Any CPU
		{9E0E6221-AD3B-47C8-B528-C9941BBFD663}.Beta|Win32.ActiveCfg = Beta|Any CPU
		{9E0E6221-AD3B-47C8-B528-C9941BBFD663}.Beta|x86.ActiveCfg = Beta|Any CPU
		{9E0E6221-AD3B-47C8-B528-C9941BBFD663}.Debug|Any CPU.ActiveCfg = Debug|Any CPU
		{9E0E6221-AD3B-47C8-B528-C9941BBFD663}.Debug|Any CPU.Build.0 = Debug|Any CPU
		{9E0E6221-AD3B-47C8-B528-C9941BBFD663}.Debug|Mixed Platforms.ActiveCfg = Debug|Any CPU
		{9E0E6221-AD3B-47C8-B528-C9941BBFD663}.Debug|Mixed Platforms.Build.0 = Debug|Any CPU
		{9E0E6221-AD3B-47C8-B528-C9941BBFD663}.Debug|Win32.ActiveCfg = Debug|Any CPU
		{9E0E6221-AD3B-47C8-B528-C9941BBFD663}.Debug|x86.ActiveCfg = Debug|Any CPU
		{9E0E6221-AD3B-47C8-B528-C9941BBFD663}.Debug|x86.Build.0 = Debug|Any CPU
		{9E0E6221-AD3B-47C8-B528-C9941BBFD663}.RC|Any CPU.ActiveCfg = RC|Any CPU
		{9E0E6221-AD3B-47C8-B528-C9941BBFD663}.RC|Any CPU.Build.0 = RC|Any CPU
		{9E0E6221-AD3B-47C8-B528-C9941BBFD663}.RC|Mixed Platforms.ActiveCfg = RC|Any CPU
		{9E0E6221-AD3B-47C8-B528-C9941BBFD663}.RC|Mixed Platforms.Build.0 = RC|Any CPU
		{9E0E6221-AD3B-47C8-B528-C9941BBFD663}.RC|Win32.ActiveCfg = RC|Any CPU
		{9E0E6221-AD3B-47C8-B528-C9941BBFD663}.RC|x86.ActiveCfg = RC|Any CPU
		{9E0E6221-AD3B-47C8-B528-C9941BBFD663}.Release|Any CPU.ActiveCfg = Release|Any CPU
		{9E0E6221-AD3B-47C8-B528-C9941BBFD663}.Release|Any CPU.Build.0 = Release|Any CPU
		{9E0E6221-AD3B-47C8-B528-C9941BBFD663}.Release|Mixed Platforms.ActiveCfg = Release|Any CPU
		{9E0E6221-AD3B-47C8-B528-C9941BBFD663}.Release|Mixed Platforms.Build.0 = Release|Any CPU
		{9E0E6221-AD3B-47C8-B528-C9941BBFD663}.Release|Win32.ActiveCfg = Release|Any CPU
		{9E0E6221-AD3B-47C8-B528-C9941BBFD663}.Release|x86.ActiveCfg = Release|Any CPU
		{9E0E6221-AD3B-47C8-B528-C9941BBFD663}.Release|x86.Build.0 = Release|Any CPU
		{4FA454BC-332A-4226-A229-38D87C504F8F}.Alpha|Any CPU.ActiveCfg = Aplha|Any CPU
		{4FA454BC-332A-4226-A229-38D87C504F8F}.Alpha|Any CPU.Build.0 = Aplha|Any CPU
		{4FA454BC-332A-4226-A229-38D87C504F8F}.Alpha|Mixed Platforms.ActiveCfg = Aplha|Any CPU
		{4FA454BC-332A-4226-A229-38D87C504F8F}.Alpha|Mixed Platforms.Build.0 = Aplha|Any CPU
		{4FA454BC-332A-4226-A229-38D87C504F8F}.Alpha|Win32.ActiveCfg = Aplha|Any CPU
		{4FA454BC-332A-4226-A229-38D87C504F8F}.Alpha|x86.ActiveCfg = Aplha|Any CPU
		{4FA454BC-332A-4226-A229-38D87C504F8F}.Beta|Any CPU.ActiveCfg = Beta|Any CPU
		{4FA454BC-332A-4226-A229-38D87C504F8F}.Beta|Any CPU.Build.0 = Beta|Any CPU
		{4FA454BC-332A-4226-A229-38D87C504F8F}.Beta|Mixed Platforms.ActiveCfg = Beta|Any CPU
		{4FA454BC-332A-4226-A229-38D87C504F8F}.Beta|Mixed Platforms.Build.0 = Beta|Any CPU
		{4FA454BC-332A-4226-A229-38D87C504F8F}.Beta|Win32.ActiveCfg = Beta|Any CPU
		{4FA454BC-332A-4226-A229-38D87C504F8F}.Beta|x86.ActiveCfg = Beta|Any CPU
		{4FA454BC-332A-4226-A229-38D87C504F8F}.Debug|Any CPU.ActiveCfg = Debug|Any CPU
		{4FA454BC-332A-4226-A229-38D87C504F8F}.Debug|Any CPU.Build.0 = Debug|Any CPU
		{4FA454BC-332A-4226-A229-38D87C504F8F}.Debug|Mixed Platforms.ActiveCfg = Debug|Any CPU
		{4FA454BC-332A-4226-A229-38D87C504F8F}.Debug|Mixed Platforms.Build.0 = Debug|Any CPU
		{4FA454BC-332A-4226-A229-38D87C504F8F}.Debug|Win32.ActiveCfg = Debug|Any CPU
		{4FA454BC-332A-4226-A229-38D87C504F8F}.Debug|x86.ActiveCfg = Debug|Any CPU
		{4FA454BC-332A-4226-A229-38D87C504F8F}.Debug|x86.Build.0 = Debug|Any CPU
		{4FA454BC-332A-4226-A229-38D87C504F8F}.RC|Any CPU.ActiveCfg = RC|Any CPU
		{4FA454BC-332A-4226-A229-38D87C504F8F}.RC|Any CPU.Build.0 = RC|Any CPU
		{4FA454BC-332A-4226-A229-38D87C504F8F}.RC|Mixed Platforms.ActiveCfg = RC|Any CPU
		{4FA454BC-332A-4226-A229-38D87C504F8F}.RC|Mixed Platforms.Build.0 = RC|Any CPU
		{4FA454BC-332A-4226-A229-38D87C504F8F}.RC|Win32.ActiveCfg = RC|Any CPU
		{4FA454BC-332A-4226-A229-38D87C504F8F}.RC|x86.ActiveCfg = RC|Any CPU
		{4FA454BC-332A-4226-A229-38D87C504F8F}.Release|Any CPU.ActiveCfg = Release|Any CPU
		{4FA454BC-332A-4226-A229-38D87C504F8F}.Release|Any CPU.Build.0 = Release|Any CPU
		{4FA454BC-332A-4226-A229-38D87C504F8F}.Release|Mixed Platforms.ActiveCfg = Release|Any CPU
		{4FA454BC-332A-4226-A229-38D87C504F8F}.Release|Mixed Platforms.Build.0 = Release|Any CPU
		{4FA454BC-332A-4226-A229-38D87C504F8F}.Release|Win32.ActiveCfg = Release|Any CPU
		{4FA454BC-332A-4226-A229-38D87C504F8F}.Release|x86.ActiveCfg = Release|Any CPU
		{FEA28EBA-357C-42D9-892A-7D609775DCFF}.Alpha|Any CPU.ActiveCfg = Debug|Any CPU
		{FEA28EBA-357C-42D9-892A-7D609775DCFF}.Alpha|Any CPU.Build.0 = Debug|Any CPU
		{FEA28EBA-357C-42D9-892A-7D609775DCFF}.Alpha|Mixed Platforms.ActiveCfg = Debug|Any CPU
		{FEA28EBA-357C-42D9-892A-7D609775DCFF}.Alpha|Mixed Platforms.Build.0 = Debug|Any CPU
		{FEA28EBA-357C-42D9-892A-7D609775DCFF}.Alpha|Win32.ActiveCfg = Debug|Any CPU
		{FEA28EBA-357C-42D9-892A-7D609775DCFF}.Alpha|x86.ActiveCfg = Debug|Any CPU
		{FEA28EBA-357C-42D9-892A-7D609775DCFF}.Beta|Any CPU.ActiveCfg = Debug|Any CPU
		{FEA28EBA-357C-42D9-892A-7D609775DCFF}.Beta|Any CPU.Build.0 = Debug|Any CPU
		{FEA28EBA-357C-42D9-892A-7D609775DCFF}.Beta|Mixed Platforms.ActiveCfg = Debug|Any CPU
		{FEA28EBA-357C-42D9-892A-7D609775DCFF}.Beta|Mixed Platforms.Build.0 = Debug|Any CPU
		{FEA28EBA-357C-42D9-892A-7D609775DCFF}.Beta|Win32.ActiveCfg = Debug|Any CPU
		{FEA28EBA-357C-42D9-892A-7D609775DCFF}.Beta|x86.ActiveCfg = Debug|Any CPU
		{FEA28EBA-357C-42D9-892A-7D609775DCFF}.Debug|Any CPU.ActiveCfg = Debug|Any CPU
		{FEA28EBA-357C-42D9-892A-7D609775DCFF}.Debug|Mixed Platforms.ActiveCfg = Debug|Any CPU
		{FEA28EBA-357C-42D9-892A-7D609775DCFF}.Debug|Mixed Platforms.Build.0 = Debug|Any CPU
		{FEA28EBA-357C-42D9-892A-7D609775DCFF}.Debug|Win32.ActiveCfg = Debug|Any CPU
		{FEA28EBA-357C-42D9-892A-7D609775DCFF}.Debug|x86.ActiveCfg = Debug|Any CPU
		{FEA28EBA-357C-42D9-892A-7D609775DCFF}.RC|Any CPU.ActiveCfg = Debug|Any CPU
		{FEA28EBA-357C-42D9-892A-7D609775DCFF}.RC|Any CPU.Build.0 = Debug|Any CPU
		{FEA28EBA-357C-42D9-892A-7D609775DCFF}.RC|Mixed Platforms.ActiveCfg = Debug|Any CPU
		{FEA28EBA-357C-42D9-892A-7D609775DCFF}.RC|Mixed Platforms.Build.0 = Debug|Any CPU
		{FEA28EBA-357C-42D9-892A-7D609775DCFF}.RC|Win32.ActiveCfg = Debug|Any CPU
		{FEA28EBA-357C-42D9-892A-7D609775DCFF}.RC|x86.ActiveCfg = Debug|Any CPU
		{FEA28EBA-357C-42D9-892A-7D609775DCFF}.Release|Any CPU.ActiveCfg = Debug|Any CPU
		{FEA28EBA-357C-42D9-892A-7D609775DCFF}.Release|Any CPU.Build.0 = Debug|Any CPU
		{FEA28EBA-357C-42D9-892A-7D609775DCFF}.Release|Mixed Platforms.ActiveCfg = Debug|Any CPU
		{FEA28EBA-357C-42D9-892A-7D609775DCFF}.Release|Mixed Platforms.Build.0 = Debug|Any CPU
		{FEA28EBA-357C-42D9-892A-7D609775DCFF}.Release|Win32.ActiveCfg = Debug|Any CPU
		{FEA28EBA-357C-42D9-892A-7D609775DCFF}.Release|x86.ActiveCfg = Debug|Any CPU
	EndGlobalSection
	GlobalSection(SolutionProperties) = preSolution
		HideSolutionNode = FALSE
	EndGlobalSection
	GlobalSection(NestedProjects) = preSolution
		{FCF346AC-D1C3-42DB-9026-9144240FB766} = {E5E3F6DB-D55E-47C2-9105-6FA26BAEA9A2}
		{F2E3DDFB-EEDB-4F85-8AE8-CBE6B18A5ED0} = {E5E3F6DB-D55E-47C2-9105-6FA26BAEA9A2}
		{452A48B6-DBD2-43C0-9D4B-3834E2EA135A} = {E5E3F6DB-D55E-47C2-9105-6FA26BAEA9A2}
		{9E0E6221-AD3B-47C8-B528-C9941BBFD663} = {E5E3F6DB-D55E-47C2-9105-6FA26BAEA9A2}
		{4FA454BC-332A-4226-A229-38D87C504F8F} = {E5E3F6DB-D55E-47C2-9105-6FA26BAEA9A2}
		{A75FA431-B3D7-4AC6-8033-CDE76FA98C97} = {DA79B2EB-8B1D-401E-B0CE-74CEB594D574}
	EndGlobalSection
EndGlobal
