
Microsoft Visual Studio Solution File, Format Version 11.00
# Visual Studio 2010
Project("{2150E333-8FDC-42A3-9474-1A3956D46DE8}") = "Solution Items", "Solution Items", "{611821ED-AD4A-42A0-90A5-F7F347CBC73F}"
	ProjectSection(SolutionItems) = preProject
		!version!.vb = !version!.vb
		CapsData.mdf = CapsData.mdf
	EndProjectSection
EndProject
Project("{2150E333-8FDC-42A3-9474-1A3956D46DE8}") = "References", "References", "{E5E3F6DB-D55E-47C2-9105-6FA26BAEA9A2}"
	ProjectSection(SolutionItems) = preProject
		References\ReadMe.txt = References\ReadMe.txt
	EndProjectSection
EndProject
Project("{2150E333-8FDC-42A3-9474-1A3956D46DE8}") = "3rd party", "3rd party", "{DA79B2EB-8B1D-401E-B0CE-74CEB594D574}"
EndProject
Project("{F184B08F-C81C-45F6-A57F-5ABD9991F28F}") = "CapsConsole", "CapsConsole\CapsConsole.vbproj", "{1F936FCC-85CA-4A63-AE42-1AD3A8E1B688}"
EndProject
Project("{54435603-DBB4-11D2-8724-00A0C9A8B90C}") = "CapsConsole setup", "CapsConsole setup\CapsConsole setup.vdproj", "{225DF386-F844-4807-9ACB-B1CAE36598A7}"
EndProject
Project("{FAE04EC0-301F-11D3-BF4B-00C04F79EFBC}") = "SplitButton", "SplitButton\SplitButton.csproj", "{A75FA431-B3D7-4AC6-8033-CDE76FA98C97}"
EndProject
Project("{C8D11400-126E-41CD-887F-60BD40844F9E}") = "CapsData", "CapsData\CapsData.dbproj", "{67CBC824-A49E-4E9B-A947-360F3DFE65C3}"
EndProject
Project("{F184B08F-C81C-45F6-A57F-5ABD9991F28F}") = "CapsWeb", "CapsWeb\CapsWeb.vbproj", "{CBC75748-4B70-4019-976C-439592FA4913}"
EndProject
Project("{F184B08F-C81C-45F6-A57F-5ABD9991F28F}") = "Caps.Common", "Caps.Common\Caps.Common.vbproj", "{7AD26E25-D660-42BB-8BC3-F46F65C74811}"
EndProject
Project("{F184B08F-C81C-45F6-A57F-5ABD9991F28F}") = "Tools", "..\Tools\Tools\Tools.vbproj", "{FCF346AC-D1C3-42DB-9026-9144240FB766}"
EndProject
Project("{F184B08F-C81C-45F6-A57F-5ABD9991F28F}") = "Tools.Metadata", "..\Tools\Tools.Metadata\Tools.Metadata.vbproj", "{F2E3DDFB-EEDB-4F85-8AE8-CBE6B18A5ED0}"
EndProject
Project("{F184B08F-C81C-45F6-A57F-5ABD9991F28F}") = "Tools.Windows", "..\Tools\Tools.Windows\Tools.Windows.vbproj", "{452A48B6-DBD2-43C0-9D4B-3834E2EA135A}"
EndProject
Project("{F184B08F-C81C-45F6-A57F-5ABD9991F28F}") = "Tools.Win", "..\Tools\Tools Win\Tools.Win.vbproj", "{9E0E6221-AD3B-47C8-B528-C9941BBFD663}"
EndProject
Global
	GlobalSection(SolutionConfigurationPlatforms) = preSolution
		Debug|Any CPU = Debug|Any CPU
		Debug|x86 = Debug|x86
		Release|Any CPU = Release|Any CPU
		Release|x86 = Release|x86
	EndGlobalSection
	GlobalSection(ProjectConfigurationPlatforms) = postSolution
		{1F936FCC-85CA-4A63-AE42-1AD3A8E1B688}.Debug|Any CPU.ActiveCfg = Debug|Any CPU
		{1F936FCC-85CA-4A63-AE42-1AD3A8E1B688}.Debug|Any CPU.Build.0 = Debug|Any CPU
		{1F936FCC-85CA-4A63-AE42-1AD3A8E1B688}.Debug|x86.ActiveCfg = Debug|x86
		{1F936FCC-85CA-4A63-AE42-1AD3A8E1B688}.Debug|x86.Build.0 = Debug|x86
		{1F936FCC-85CA-4A63-AE42-1AD3A8E1B688}.Release|Any CPU.ActiveCfg = Release|Any CPU
		{1F936FCC-85CA-4A63-AE42-1AD3A8E1B688}.Release|Any CPU.Build.0 = Release|Any CPU
		{1F936FCC-85CA-4A63-AE42-1AD3A8E1B688}.Release|x86.ActiveCfg = Release|x86
		{1F936FCC-85CA-4A63-AE42-1AD3A8E1B688}.Release|x86.Build.0 = Release|x86
		{225DF386-F844-4807-9ACB-B1CAE36598A7}.Debug|Any CPU.ActiveCfg = Debug
		{225DF386-F844-4807-9ACB-B1CAE36598A7}.Debug|x86.ActiveCfg = Debug
		{225DF386-F844-4807-9ACB-B1CAE36598A7}.Release|Any CPU.ActiveCfg = Release
		{225DF386-F844-4807-9ACB-B1CAE36598A7}.Release|x86.ActiveCfg = Release
		{A75FA431-B3D7-4AC6-8033-CDE76FA98C97}.Debug|Any CPU.ActiveCfg = Debug|Any CPU
		{A75FA431-B3D7-4AC6-8033-CDE76FA98C97}.Debug|Any CPU.Build.0 = Debug|Any CPU
		{A75FA431-B3D7-4AC6-8033-CDE76FA98C97}.Debug|x86.ActiveCfg = Debug|Any CPU
		{A75FA431-B3D7-4AC6-8033-CDE76FA98C97}.Debug|x86.Build.0 = Debug|Any CPU
		{A75FA431-B3D7-4AC6-8033-CDE76FA98C97}.Release|Any CPU.ActiveCfg = Release|Any CPU
		{A75FA431-B3D7-4AC6-8033-CDE76FA98C97}.Release|Any CPU.Build.0 = Release|Any CPU
		{A75FA431-B3D7-4AC6-8033-CDE76FA98C97}.Release|x86.ActiveCfg = Release|Any CPU
		{A75FA431-B3D7-4AC6-8033-CDE76FA98C97}.Release|x86.Build.0 = Release|Any CPU
		{67CBC824-A49E-4E9B-A947-360F3DFE65C3}.Debug|Any CPU.ActiveCfg = Debug|Any CPU
		{67CBC824-A49E-4E9B-A947-360F3DFE65C3}.Debug|Any CPU.Build.0 = Debug|Any CPU
		{67CBC824-A49E-4E9B-A947-360F3DFE65C3}.Debug|x86.ActiveCfg = Debug|Any CPU
		{67CBC824-A49E-4E9B-A947-360F3DFE65C3}.Debug|x86.Build.0 = Debug|Any CPU
		{67CBC824-A49E-4E9B-A947-360F3DFE65C3}.Release|Any CPU.ActiveCfg = Debug|Any CPU
		{67CBC824-A49E-4E9B-A947-360F3DFE65C3}.Release|Any CPU.Build.0 = Debug|Any CPU
		{67CBC824-A49E-4E9B-A947-360F3DFE65C3}.Release|Any CPU.Deploy.0 = Debug|Any CPU
		{67CBC824-A49E-4E9B-A947-360F3DFE65C3}.Release|x86.ActiveCfg = Debug|Any CPU
		{67CBC824-A49E-4E9B-A947-360F3DFE65C3}.Release|x86.Build.0 = Debug|Any CPU
		{CBC75748-4B70-4019-976C-439592FA4913}.Debug|Any CPU.ActiveCfg = Debug|Any CPU
		{CBC75748-4B70-4019-976C-439592FA4913}.Debug|Any CPU.Build.0 = Debug|Any CPU
		{CBC75748-4B70-4019-976C-439592FA4913}.Debug|x86.ActiveCfg = Debug|Any CPU
		{CBC75748-4B70-4019-976C-439592FA4913}.Debug|x86.Build.0 = Debug|Any CPU
		{CBC75748-4B70-4019-976C-439592FA4913}.Release|Any CPU.ActiveCfg = Release|Any CPU
		{CBC75748-4B70-4019-976C-439592FA4913}.Release|Any CPU.Build.0 = Release|Any CPU
		{CBC75748-4B70-4019-976C-439592FA4913}.Release|x86.ActiveCfg = Release|Any CPU
		{CBC75748-4B70-4019-976C-439592FA4913}.Release|x86.Build.0 = Release|Any CPU
		{7AD26E25-D660-42BB-8BC3-F46F65C74811}.Debug|Any CPU.ActiveCfg = Debug|Any CPU
		{7AD26E25-D660-42BB-8BC3-F46F65C74811}.Debug|Any CPU.Build.0 = Debug|Any CPU
		{7AD26E25-D660-42BB-8BC3-F46F65C74811}.Debug|x86.ActiveCfg = Debug|Any CPU
		{7AD26E25-D660-42BB-8BC3-F46F65C74811}.Debug|x86.Build.0 = Debug|Any CPU
		{7AD26E25-D660-42BB-8BC3-F46F65C74811}.Release|Any CPU.ActiveCfg = Release|Any CPU
		{7AD26E25-D660-42BB-8BC3-F46F65C74811}.Release|Any CPU.Build.0 = Release|Any CPU
		{7AD26E25-D660-42BB-8BC3-F46F65C74811}.Release|x86.ActiveCfg = Release|Any CPU
		{7AD26E25-D660-42BB-8BC3-F46F65C74811}.Release|x86.Build.0 = Release|Any CPU
		{FCF346AC-D1C3-42DB-9026-9144240FB766}.Debug|Any CPU.ActiveCfg = Debug|Any CPU
		{FCF346AC-D1C3-42DB-9026-9144240FB766}.Debug|Any CPU.Build.0 = Debug|Any CPU
		{FCF346AC-D1C3-42DB-9026-9144240FB766}.Debug|x86.ActiveCfg = Debug|Any CPU
		{FCF346AC-D1C3-42DB-9026-9144240FB766}.Debug|x86.Build.0 = Debug|Any CPU
		{FCF346AC-D1C3-42DB-9026-9144240FB766}.Release|Any CPU.ActiveCfg = Release|Any CPU
		{FCF346AC-D1C3-42DB-9026-9144240FB766}.Release|Any CPU.Build.0 = Release|Any CPU
		{FCF346AC-D1C3-42DB-9026-9144240FB766}.Release|x86.ActiveCfg = Release|Any CPU
		{FCF346AC-D1C3-42DB-9026-9144240FB766}.Release|x86.Build.0 = Release|Any CPU
		{F2E3DDFB-EEDB-4F85-8AE8-CBE6B18A5ED0}.Debug|Any CPU.ActiveCfg = Debug|Any CPU
		{F2E3DDFB-EEDB-4F85-8AE8-CBE6B18A5ED0}.Debug|Any CPU.Build.0 = Debug|Any CPU
		{F2E3DDFB-EEDB-4F85-8AE8-CBE6B18A5ED0}.Debug|x86.ActiveCfg = Debug|Any CPU
		{F2E3DDFB-EEDB-4F85-8AE8-CBE6B18A5ED0}.Debug|x86.Build.0 = Debug|Any CPU
		{F2E3DDFB-EEDB-4F85-8AE8-CBE6B18A5ED0}.Release|Any CPU.ActiveCfg = Release|Any CPU
		{F2E3DDFB-EEDB-4F85-8AE8-CBE6B18A5ED0}.Release|Any CPU.Build.0 = Release|Any CPU
		{F2E3DDFB-EEDB-4F85-8AE8-CBE6B18A5ED0}.Release|x86.ActiveCfg = Release|Any CPU
		{F2E3DDFB-EEDB-4F85-8AE8-CBE6B18A5ED0}.Release|x86.Build.0 = Release|Any CPU
		{452A48B6-DBD2-43C0-9D4B-3834E2EA135A}.Debug|Any CPU.ActiveCfg = Debug|Any CPU
		{452A48B6-DBD2-43C0-9D4B-3834E2EA135A}.Debug|Any CPU.Build.0 = Debug|Any CPU
		{452A48B6-DBD2-43C0-9D4B-3834E2EA135A}.Debug|x86.ActiveCfg = Debug|Any CPU
		{452A48B6-DBD2-43C0-9D4B-3834E2EA135A}.Debug|x86.Build.0 = Debug|Any CPU
		{452A48B6-DBD2-43C0-9D4B-3834E2EA135A}.Release|Any CPU.ActiveCfg = Release|Any CPU
		{452A48B6-DBD2-43C0-9D4B-3834E2EA135A}.Release|Any CPU.Build.0 = Release|Any CPU
		{452A48B6-DBD2-43C0-9D4B-3834E2EA135A}.Release|x86.ActiveCfg = Release|Any CPU
		{452A48B6-DBD2-43C0-9D4B-3834E2EA135A}.Release|x86.Build.0 = Release|Any CPU
		{9E0E6221-AD3B-47C8-B528-C9941BBFD663}.Debug|Any CPU.ActiveCfg = Debug|Any CPU
		{9E0E6221-AD3B-47C8-B528-C9941BBFD663}.Debug|Any CPU.Build.0 = Debug|Any CPU
		{9E0E6221-AD3B-47C8-B528-C9941BBFD663}.Debug|x86.ActiveCfg = Debug|Any CPU
		{9E0E6221-AD3B-47C8-B528-C9941BBFD663}.Debug|x86.Build.0 = Debug|Any CPU
		{9E0E6221-AD3B-47C8-B528-C9941BBFD663}.Release|Any CPU.ActiveCfg = Release|Any CPU
		{9E0E6221-AD3B-47C8-B528-C9941BBFD663}.Release|Any CPU.Build.0 = Release|Any CPU
		{9E0E6221-AD3B-47C8-B528-C9941BBFD663}.Release|x86.ActiveCfg = Release|Any CPU
		{9E0E6221-AD3B-47C8-B528-C9941BBFD663}.Release|x86.Build.0 = Release|Any CPU
	EndGlobalSection
	GlobalSection(SolutionProperties) = preSolution
		HideSolutionNode = FALSE
	EndGlobalSection
	GlobalSection(NestedProjects) = preSolution
		{FCF346AC-D1C3-42DB-9026-9144240FB766} = {E5E3F6DB-D55E-47C2-9105-6FA26BAEA9A2}
		{F2E3DDFB-EEDB-4F85-8AE8-CBE6B18A5ED0} = {E5E3F6DB-D55E-47C2-9105-6FA26BAEA9A2}
		{452A48B6-DBD2-43C0-9D4B-3834E2EA135A} = {E5E3F6DB-D55E-47C2-9105-6FA26BAEA9A2}
		{9E0E6221-AD3B-47C8-B528-C9941BBFD663} = {E5E3F6DB-D55E-47C2-9105-6FA26BAEA9A2}
		{A75FA431-B3D7-4AC6-8033-CDE76FA98C97} = {DA79B2EB-8B1D-401E-B0CE-74CEB594D574}
	EndGlobalSection
EndGlobal
