
Microsoft Visual Studio Solution File, Format Version 11.00
# Visual Studio 2010
Project("{2150E333-8FDC-42A3-9474-1A3956D46DE8}") = "Solution Items", "Solution Items", "{611821ED-AD4A-42A0-90A5-F7F347CBC73F}"
	ProjectSection(SolutionItems) = preProject
		!version!.vb = !version!.vb
		CapsData.mdf = CapsData.mdf
	EndProjectSection
EndProject
Project("{2150E333-8FDC-42A3-9474-1A3956D46DE8}") = "DLL", "DLL", "{E5E3F6DB-D55E-47C2-9105-6FA26BAEA9A2}"
	ProjectSection(SolutionItems) = preProject
		DLL\ReadMe.txt = DLL\ReadMe.txt
		DLL\Tools.dll = DLL\Tools.dll
		DLL\Tools.Metadata.dll = DLL\Tools.Metadata.dll
		DLL\Tools.Metadata.xml = DLL\Tools.Metadata.xml
		DLL\Tools.Windows.dll = DLL\Tools.Windows.dll
		DLL\Tools.Windows.xml = DLL\Tools.Windows.xml
	EndProjectSection
EndProject
Project("{2150E333-8FDC-42A3-9474-1A3956D46DE8}") = "cs", "cs", "{F31C57C1-3295-4A6D-AE54-6D385882F903}"
	ProjectSection(SolutionItems) = preProject
		DLL\cs\Tools.Metadata.resources.dll = DLL\cs\Tools.Metadata.resources.dll
		DLL\cs\Tools.resources.dll = DLL\cs\Tools.resources.dll
	EndProjectSection
EndProject
Project("{2150E333-8FDC-42A3-9474-1A3956D46DE8}") = "3rd party", "3rd party", "{DA79B2EB-8B1D-401E-B0CE-74CEB594D574}"
EndProject
Project("{F184B08F-C81C-45F6-A57F-5ABD9991F28F}") = "CapsConsole", "CapsConsole\CapsConsole.vbproj", "{1F936FCC-85CA-4A63-AE42-1AD3A8E1B688}"
EndProject
Project("{54435603-DBB4-11D2-8724-00A0C9A8B90C}") = "CapsConsole setup", "CapsConsole setup\CapsConsole setup.vdproj", "{225DF386-F844-4807-9ACB-B1CAE36598A7}"
EndProject
Project("{FAE04EC0-301F-11D3-BF4B-00C04F79EFBC}") = "SplitButton", "SplitButton\SplitButton.csproj", "{A75FA431-B3D7-4AC6-8033-CDE76FA98C97}"
EndProject
Project("{C8D11400-126E-41CD-887F-60BD40844F9E}") = "CapsData", "CapsData\CapsData.dbproj", "{67CBC824-A49E-4E9B-A947-360F3DFE65C3}"
EndProject
Project("{F184B08F-C81C-45F6-A57F-5ABD9991F28F}") = "CapsWeb", "CapsWeb\CapsWeb.vbproj", "{CBC75748-4B70-4019-976C-439592FA4913}"
EndProject
Project("{F184B08F-C81C-45F6-A57F-5ABD9991F28F}") = "Caps.Common", "Caps.Common\Caps.Common.vbproj", "{7AD26E25-D660-42BB-8BC3-F46F65C74811}"
EndProject
Global
	GlobalSection(TeamFoundationVersionControl) = preSolution
		SccNumberOfProjects = 7
		SccEnterpriseProvider = {4CA58AB2-18FA-4F8D-95D4-32DDF27D184C}
		SccTeamFoundationServer = https://tfs10.codeplex.com/
		SccLocalPath0 = .
		SccProjectUniqueName1 = CapsConsole\\CapsConsole.vbproj
		SccProjectName1 = CapsConsole
		SccLocalPath1 = CapsConsole
		SccProjectUniqueName2 = CapsConsole\u0020setup\\CapsConsole\u0020setup.vdproj
		SccProjectName2 = CapsConsole\u0020setup
		SccLocalPath2 = CapsConsole\u0020setup
		SccProjectUniqueName3 = SplitButton\\SplitButton.csproj
		SccProjectTopLevelParentUniqueName3 = Caps.sln
		SccProjectName3 = SplitButton
		SccLocalPath3 = SplitButton
		SccProjectUniqueName4 = CapsData\\CapsData.dbproj
		SccProjectName4 = CapsData
		SccLocalPath4 = CapsData
		SccProjectUniqueName5 = CapsWeb\\CapsWeb.vbproj
		SccProjectName5 = CapsWeb
		SccLocalPath5 = CapsWeb
		SccProjectUniqueName6 = Caps.Common\\Caps.Common.vbproj
		SccProjectName6 = Caps.Common
		SccLocalPath6 = Caps.Common
	EndGlobalSection
	GlobalSection(SolutionConfigurationPlatforms) = preSolution
		Debug|Any CPU = Debug|Any CPU
		Debug|x86 = Debug|x86
		Release|Any CPU = Release|Any CPU
		Release|x86 = Release|x86
	EndGlobalSection
	GlobalSection(ProjectConfigurationPlatforms) = postSolution
		{1F936FCC-85CA-4A63-AE42-1AD3A8E1B688}.Debug|Any CPU.ActiveCfg = Debug|Any CPU
		{1F936FCC-85CA-4A63-AE42-1AD3A8E1B688}.Debug|Any CPU.Build.0 = Debug|Any CPU
		{1F936FCC-85CA-4A63-AE42-1AD3A8E1B688}.Debug|x86.ActiveCfg = Debug|x86
		{1F936FCC-85CA-4A63-AE42-1AD3A8E1B688}.Debug|x86.Build.0 = Debug|x86
		{1F936FCC-85CA-4A63-AE42-1AD3A8E1B688}.Release|Any CPU.ActiveCfg = Release|Any CPU
		{1F936FCC-85CA-4A63-AE42-1AD3A8E1B688}.Release|Any CPU.Build.0 = Release|Any CPU
		{1F936FCC-85CA-4A63-AE42-1AD3A8E1B688}.Release|x86.ActiveCfg = Release|x86
		{1F936FCC-85CA-4A63-AE42-1AD3A8E1B688}.Release|x86.Build.0 = Release|x86
		{225DF386-F844-4807-9ACB-B1CAE36598A7}.Debug|Any CPU.ActiveCfg = Debug
		{225DF386-F844-4807-9ACB-B1CAE36598A7}.Debug|x86.ActiveCfg = Debug
		{225DF386-F844-4807-9ACB-B1CAE36598A7}.Release|Any CPU.ActiveCfg = Release
		{225DF386-F844-4807-9ACB-B1CAE36598A7}.Release|x86.ActiveCfg = Release
		{225DF386-F844-4807-9ACB-B1CAE36598A7}.Release|x86.Build.0 = Release
		{A75FA431-B3D7-4AC6-8033-CDE76FA98C97}.Debug|Any CPU.ActiveCfg = Debug|Any CPU
		{A75FA431-B3D7-4AC6-8033-CDE76FA98C97}.Debug|Any CPU.Build.0 = Debug|Any CPU
		{A75FA431-B3D7-4AC6-8033-CDE76FA98C97}.Debug|x86.ActiveCfg = Debug|x86
		{A75FA431-B3D7-4AC6-8033-CDE76FA98C97}.Debug|x86.Build.0 = Debug|x86
		{A75FA431-B3D7-4AC6-8033-CDE76FA98C97}.Release|Any CPU.ActiveCfg = Release|Any CPU
		{A75FA431-B3D7-4AC6-8033-CDE76FA98C97}.Release|Any CPU.Build.0 = Release|Any CPU
		{A75FA431-B3D7-4AC6-8033-CDE76FA98C97}.Release|x86.ActiveCfg = Release|x86
		{A75FA431-B3D7-4AC6-8033-CDE76FA98C97}.Release|x86.Build.0 = Release|x86
		{67CBC824-A49E-4E9B-A947-360F3DFE65C3}.Debug|Any CPU.ActiveCfg = Debug|Any CPU
		{67CBC824-A49E-4E9B-A947-360F3DFE65C3}.Debug|Any CPU.Build.0 = Debug|Any CPU
		{67CBC824-A49E-4E9B-A947-360F3DFE65C3}.Debug|Any CPU.Deploy.0 = Debug|Any CPU
		{67CBC824-A49E-4E9B-A947-360F3DFE65C3}.Debug|x86.ActiveCfg = Debug|Any CPU
		{67CBC824-A49E-4E9B-A947-360F3DFE65C3}.Release|Any CPU.ActiveCfg = Release|Any CPU
		{67CBC824-A49E-4E9B-A947-360F3DFE65C3}.Release|Any CPU.Build.0 = Release|Any CPU
		{67CBC824-A49E-4E9B-A947-360F3DFE65C3}.Release|Any CPU.Deploy.0 = Release|Any CPU
		{67CBC824-A49E-4E9B-A947-360F3DFE65C3}.Release|x86.ActiveCfg = Release|Any CPU
		{CBC75748-4B70-4019-976C-439592FA4913}.Debug|Any CPU.ActiveCfg = Debug|Any CPU
		{CBC75748-4B70-4019-976C-439592FA4913}.Debug|Any CPU.Build.0 = Debug|Any CPU
		{CBC75748-4B70-4019-976C-439592FA4913}.Debug|x86.ActiveCfg = Debug|Any CPU
		{CBC75748-4B70-4019-976C-439592FA4913}.Release|Any CPU.ActiveCfg = Release|Any CPU
		{CBC75748-4B70-4019-976C-439592FA4913}.Release|Any CPU.Build.0 = Release|Any CPU
		{CBC75748-4B70-4019-976C-439592FA4913}.Release|x86.ActiveCfg = Release|Any CPU
		{7AD26E25-D660-42BB-8BC3-F46F65C74811}.Debug|Any CPU.ActiveCfg = Debug|Any CPU
		{7AD26E25-D660-42BB-8BC3-F46F65C74811}.Debug|Any CPU.Build.0 = Debug|Any CPU
		{7AD26E25-D660-42BB-8BC3-F46F65C74811}.Debug|x86.ActiveCfg = Debug|Any CPU
		{7AD26E25-D660-42BB-8BC3-F46F65C74811}.Release|Any CPU.ActiveCfg = Release|Any CPU
		{7AD26E25-D660-42BB-8BC3-F46F65C74811}.Release|Any CPU.Build.0 = Release|Any CPU
		{7AD26E25-D660-42BB-8BC3-F46F65C74811}.Release|x86.ActiveCfg = Release|Any CPU
	EndGlobalSection
	GlobalSection(SolutionProperties) = preSolution
		HideSolutionNode = FALSE
	EndGlobalSection
	GlobalSection(NestedProjects) = preSolution
		{F31C57C1-3295-4A6D-AE54-6D385882F903} = {E5E3F6DB-D55E-47C2-9105-6FA26BAEA9A2}
		{A75FA431-B3D7-4AC6-8033-CDE76FA98C97} = {DA79B2EB-8B1D-401E-B0CE-74CEB594D574}
	EndGlobalSection
EndGlobal
